# This file was autogenerated by Stack.
# You should not edit this file by hand.
# For more information, please see the documentation at:
#   https://docs.haskellstack.org/en/stable/lock_files

snapshots:
- original: lts-17.9
  completed:
    sha256: d7d8d5106e53d1669964bd8bd2b0f88a5ad192d772f5376384b76738fd992311
    url: https://mirrors.tuna.tsinghua.edu.cn/stackage/stackage-snapshots/lts/17/9.yaml
    size: 567037
packages: []
